
Microsoft Visual Studio Solution File, Format Version 12.00
# Visual Studio 15
VisualStudioVersion = 15.0.34112.143
MinimumVisualStudioVersion = 10.0.40219.1
Project("{FAE04EC0-301F-11D3-BF4B-00C04F79EFBC}") = "Test", "Test\Test.csproj", "{78D6BE9D-13C7-44CB-9CA7-59224A860A61}"
EndProject
Project("{FAE04EC0-301F-11D3-BF4B-00C04F79EFBC}") = "clsMyMath", "MyfristClassLibrary1\clsMyMath.csproj", "{AE2176FC-4DC2-4C93-986A-D1729A7484CA}"
EndProject
Global
	GlobalSection(SolutionConfigurationPlatforms) = preSolution
		Debug|Any CPU = Debug|Any CPU
		Release|Any CPU = Release|Any CPU
	EndGlobalSection
	GlobalSection(ProjectConfigurationPlatforms) = postSolution
		{78D6BE9D-13C7-44CB-9CA7-59224A860A61}.Debug|Any CPU.ActiveCfg = Debug|Any CPU
		{78D6BE9D-13C7-44CB-9CA7-59224A860A61}.Debug|Any CPU.Build.0 = Debug|Any CPU
		{78D6BE9D-13C7-44CB-9CA7-59224A860A61}.Release|Any CPU.ActiveCfg = Release|Any CPU
		{78D6BE9D-13C7-44CB-9CA7-59224A860A61}.Release|Any CPU.Build.0 = Release|Any CPU
		{AE2176FC-4DC2-4C93-986A-D1729A7484CA}.Debug|Any CPU.ActiveCfg = Debug|Any CPU
		{AE2176FC-4DC2-4C93-986A-D1729A7484CA}.Debug|Any CPU.Build.0 = Debug|Any CPU
		{AE2176FC-4DC2-4C93-986A-D1729A7484CA}.Release|Any CPU.ActiveCfg = Release|Any CPU
		{AE2176FC-4DC2-4C93-986A-D1729A7484CA}.Release|Any CPU.Build.0 = Release|Any CPU
	EndGlobalSection
	GlobalSection(SolutionProperties) = preSolution
		HideSolutionNode = FALSE
	EndGlobalSection
	GlobalSection(ExtensibilityGlobals) = postSolution
		SolutionGuid = {29453768-6DB0-42BC-9E3A-603A2AC4F68D}
	EndGlobalSection
EndGlobal
