
Microsoft Visual Studio Solution File, Format Version 12.00
# Visual Studio 15
VisualStudioVersion = 15.0.34112.143
MinimumVisualStudioVersion = 10.0.40219.1
Project("{FAE04EC0-301F-11D3-BF4B-00C04F79EFBC}") = "OOP", "OOP\OOP.csproj", "{3EA92685-8BCF-41E0-9910-ABF441C35582}"
EndProject
Project("{FAE04EC0-301F-11D3-BF4B-00C04F79EFBC}") = "Calculater", "Calculater\Calculater.csproj", "{E38BE85F-0A09-4AF5-A8AE-DFCA537B7475}"
EndProject
Global
	GlobalSection(SolutionConfigurationPlatforms) = preSolution
		Debug|Any CPU = Debug|Any CPU
		Release|Any CPU = Release|Any CPU
	EndGlobalSection
	GlobalSection(ProjectConfigurationPlatforms) = postSolution
		{3EA92685-8BCF-41E0-9910-ABF441C35582}.Debug|Any CPU.ActiveCfg = Debug|Any CPU
		{3EA92685-8BCF-41E0-9910-ABF441C35582}.Debug|Any CPU.Build.0 = Debug|Any CPU
		{3EA92685-8BCF-41E0-9910-ABF441C35582}.Release|Any CPU.ActiveCfg = Release|Any CPU
		{3EA92685-8BCF-41E0-9910-ABF441C35582}.Release|Any CPU.Build.0 = Release|Any CPU
		{E38BE85F-0A09-4AF5-A8AE-DFCA537B7475}.Debug|Any CPU.ActiveCfg = Debug|Any CPU
		{E38BE85F-0A09-4AF5-A8AE-DFCA537B7475}.Debug|Any CPU.Build.0 = Debug|Any CPU
		{E38BE85F-0A09-4AF5-A8AE-DFCA537B7475}.Release|Any CPU.ActiveCfg = Release|Any CPU
		{E38BE85F-0A09-4AF5-A8AE-DFCA537B7475}.Release|Any CPU.Build.0 = Release|Any CPU
	EndGlobalSection
	GlobalSection(SolutionProperties) = preSolution
		HideSolutionNode = FALSE
	EndGlobalSection
	GlobalSection(ExtensibilityGlobals) = postSolution
		SolutionGuid = {3CB16EE0-121B-4A6C-AF06-70B21E1BABD4}
	EndGlobalSection
EndGlobal
