
Microsoft Visual Studio Solution File, Format Version 12.00
# Visual Studio 15
VisualStudioVersion = 15.0.34112.143
MinimumVisualStudioVersion = 10.0.40219.1
Project("{FAE04EC0-301F-11D3-BF4B-00C04F79EFBC}") = "FIFO.Project1", "FIFO.Project1\FIFO.Project1.csproj", "{EBD9A92F-3AA9-4CEA-9677-318A887CEF72}"
EndProject
Project("{FAE04EC0-301F-11D3-BF4B-00C04F79EFBC}") = "fifo.HR", "fifo.HR\fifo.HR.csproj", "{AF7B74C5-0013-427E-B7A6-CA52552C318C}"
EndProject
Project("{FAE04EC0-301F-11D3-BF4B-00C04F79EFBC}") = "FiFo.ConsoleApp2", "FiFo.ConsoleApp2\FiFo.ConsoleApp2.csproj", "{F6C9A9F3-D5FC-4540-BC85-C798B20E97D0}"
EndProject
Global
	GlobalSection(SolutionConfigurationPlatforms) = preSolution
		Debug|Any CPU = Debug|Any CPU
		Release|Any CPU = Release|Any CPU
	EndGlobalSection
	GlobalSection(ProjectConfigurationPlatforms) = postSolution
		{EBD9A92F-3AA9-4CEA-9677-318A887CEF72}.Debug|Any CPU.ActiveCfg = Debug|Any CPU
		{EBD9A92F-3AA9-4CEA-9677-318A887CEF72}.Debug|Any CPU.Build.0 = Debug|Any CPU
		{EBD9A92F-3AA9-4CEA-9677-318A887CEF72}.Release|Any CPU.ActiveCfg = Release|Any CPU
		{EBD9A92F-3AA9-4CEA-9677-318A887CEF72}.Release|Any CPU.Build.0 = Release|Any CPU
		{AF7B74C5-0013-427E-B7A6-CA52552C318C}.Debug|Any CPU.ActiveCfg = Debug|Any CPU
		{AF7B74C5-0013-427E-B7A6-CA52552C318C}.Debug|Any CPU.Build.0 = Debug|Any CPU
		{AF7B74C5-0013-427E-B7A6-CA52552C318C}.Release|Any CPU.ActiveCfg = Release|Any CPU
		{AF7B74C5-0013-427E-B7A6-CA52552C318C}.Release|Any CPU.Build.0 = Release|Any CPU
		{F6C9A9F3-D5FC-4540-BC85-C798B20E97D0}.Debug|Any CPU.ActiveCfg = Debug|Any CPU
		{F6C9A9F3-D5FC-4540-BC85-C798B20E97D0}.Debug|Any CPU.Build.0 = Debug|Any CPU
		{F6C9A9F3-D5FC-4540-BC85-C798B20E97D0}.Release|Any CPU.ActiveCfg = Release|Any CPU
		{F6C9A9F3-D5FC-4540-BC85-C798B20E97D0}.Release|Any CPU.Build.0 = Release|Any CPU
	EndGlobalSection
	GlobalSection(SolutionProperties) = preSolution
		HideSolutionNode = FALSE
	EndGlobalSection
	GlobalSection(ExtensibilityGlobals) = postSolution
		SolutionGuid = {3A838140-43F0-4FAE-8095-5849BAEAA49A}
	EndGlobalSection
EndGlobal
